// !$*UTF8*$!
{
	archiveVersion = 1;
	classes = {
	};
	objectVersion = 50;
	objects = {

/* Begin PBXBuildFile section */
		2CE0B29421BA1806008C0302 /* QMTTLoopBannerView.m in Sources */ = {isa = PBXBuildFile; fileRef = 2CE0B29321BA1806008C0302 /* QMTTLoopBannerView.m */; };
		A54B333B21B94EDF0097D7DE /* AppDelegate.m in Sources */ = {isa = PBXBuildFile; fileRef = A54B333A21B94EDF0097D7DE /* AppDelegate.m */; };
		A54B333E21B94EDF0097D7DE /* ViewController.m in Sources */ = {isa = PBXBuildFile; fileRef = A54B333D21B94EDF0097D7DE /* ViewController.m */; };
		A54B334121B94EDF0097D7DE /* Main.storyboard in Resources */ = {isa = PBXBuildFile; fileRef = A54B333F21B94EDF0097D7DE /* Main.storyboard */; };
		A54B334321B94EE00097D7DE /* Assets.xcassets in Resources */ = {isa = PBXBuildFile; fileRef = A54B334221B94EE00097D7DE /* Assets.xcassets */; };
		A54B334621B94EE00097D7DE /* LaunchScreen.storyboard in Resources */ = {isa = PBXBuildFile; fileRef = A54B334421B94EE00097D7DE /* LaunchScreen.storyboard */; };
		A54B334921B94EE00097D7DE /* main.m in Sources */ = {isa = PBXBuildFile; fileRef = A54B334821B94EE00097D7DE /* main.m */; };
		A54B335321B94EE00097D7DE /* LoopBannersDemoTests.m in Sources */ = {isa = PBXBuildFile; fileRef = A54B335221B94EE00097D7DE /* LoopBannersDemoTests.m */; };
		A54B335E21B94EE10097D7DE /* LoopBannersDemoUITests.m in Sources */ = {isa = PBXBuildFile; fileRef = A54B335D21B94EE10097D7DE /* LoopBannersDemoUITests.m */; };
/* End PBXBuildFile section */

/* Begin PBXContainerItemProxy section */
		A54B334F21B94EE00097D7DE /* PBXContainerItemProxy */ = {
			isa = PBXContainerItemProxy;
			containerPortal = A54B332E21B94EDF0097D7DE /* Project object */;
			proxyType = 1;
			remoteGlobalIDString = A54B333521B94EDF0097D7DE;
			remoteInfo = LoopBannersDemo;
		};
		A54B335A21B94EE00097D7DE /* PBXContainerItemProxy */ = {
			isa = PBXContainerItemProxy;
			containerPortal = A54B332E21B94EDF0097D7DE /* Project object */;
			proxyType = 1;
			remoteGlobalIDString = A54B333521B94EDF0097D7DE;
			remoteInfo = LoopBannersDemo;
		};
/* End PBXContainerItemProxy section */

/* Begin PBXFileReference section */
		2CE0B29221BA1806008C0302 /* QMTTLoopBannerView.h */ = {isa = PBXFileReference; lastKnownFileType = sourcecode.c.h; path = QMTTLoopBannerView.h; sourceTree = "<group>"; };
		2CE0B29321BA1806008C0302 /* QMTTLoopBannerView.m */ = {isa = PBXFileReference; lastKnownFileType = sourcecode.c.objc; path = QMTTLoopBannerView.m; sourceTree = "<group>"; };
		A54B333621B94EDF0097D7DE /* LoopBannersDemo.app */ = {isa = PBXFileReference; explicitFileType = wrapper.application; includeInIndex = 0; path = LoopBannersDemo.app; sourceTree = BUILT_PRODUCTS_DIR; };
		A54B333921B94EDF0097D7DE /* AppDelegate.h */ = {isa = PBXFileReference; lastKnownFileType = sourcecode.c.h; path = AppDelegate.h; sourceTree = "<group>"; };
		A54B333A21B94EDF0097D7DE /* AppDelegate.m */ = {isa = PBXFileReference; lastKnownFileType = sourcecode.c.objc; path = AppDelegate.m; sourceTree = "<group>"; };
		A54B333C21B94EDF0097D7DE /* ViewController.h */ = {isa = PBXFileReference; lastKnownFileType = sourcecode.c.h; path = ViewController.h; sourceTree = "<group>"; };
		A54B333D21B94EDF0097D7DE /* ViewController.m */ = {isa = PBXFileReference; lastKnownFileType = sourcecode.c.objc; path = ViewController.m; sourceTree = "<group>"; };
		A54B334021B94EDF0097D7DE /* Base */ = {isa = PBXFileReference; lastKnownFileType = file.storyboard; name = Base; path = Base.lproj/Main.storyboard; sourceTree = "<group>"; };
		A54B334221B94EE00097D7DE /* Assets.xcassets */ = {isa = PBXFileReference; lastKnownFileType = folder.assetcatalog; path = Assets.xcassets; sourceTree = "<group>"; };
		A54B334521B94EE00097D7DE /* Base */ = {isa = PBXFileReference; lastKnownFileType = file.storyboard; name = Base; path = Base.lproj/LaunchScreen.storyboard; sourceTree = "<group>"; };
		A54B334721B94EE00097D7DE /* Info.plist */ = {isa = PBXFileReference; lastKnownFileType = text.plist.xml; path = Info.plist; sourceTree = "<group>"; };
		A54B334821B94EE00097D7DE /* main.m */ = {isa = PBXFileReference; lastKnownFileType = sourcecode.c.objc; path = main.m; sourceTree = "<group>"; };
		A54B334E21B94EE00097D7DE /* LoopBannersDemoTests.xctest */ = {isa = PBXFileReference; explicitFileType = wrapper.cfbundle; includeInIndex = 0; path = LoopBannersDemoTests.xctest; sourceTree = BUILT_PRODUCTS_DIR; };
		A54B335221B94EE00097D7DE /* LoopBannersDemoTests.m */ = {isa = PBXFileReference; lastKnownFileType = sourcecode.c.objc; path = LoopBannersDemoTests.m; sourceTree = "<group>"; };
		A54B335421B94EE00097D7DE /* Info.plist */ = {isa = PBXFileReference; lastKnownFileType = text.plist.xml; path = Info.plist; sourceTree = "<group>"; };
		A54B335921B94EE00097D7DE /* LoopBannersDemoUITests.xctest */ = {isa = PBXFileReference; explicitFileType = wrapper.cfbundle; includeInIndex = 0; path = LoopBannersDemoUITests.xctest; sourceTree = BUILT_PRODUCTS_DIR; };
		A54B335D21B94EE10097D7DE /* LoopBannersDemoUITests.m */ = {isa = PBXFileReference; lastKnownFileType = sourcecode.c.objc; path = LoopBannersDemoUITests.m; sourceTree = "<group>"; };
		A54B335F21B94EE10097D7DE /* Info.plist */ = {isa = PBXFileReference; lastKnownFileType = text.plist.xml; path = Info.plist; sourceTree = "<group>"; };
/* End PBXFileReference section */

/* Begin PBXFrameworksBuildPhase section */
		A54B333321B94EDF0097D7DE /* Frameworks */ = {
			isa = PBXFrameworksBuildPhase;
			buildActionMask = 2147483647;
			files = (
			);
			runOnlyForDeploymentPostprocessing = 0;
		};
		A54B334B21B94EE00097D7DE /* Frameworks */ = {
			isa = PBXFrameworksBuildPhase;
			buildActionMask = 2147483647;
			files = (
			);
			runOnlyForDeploymentPostprocessing = 0;
		};
		A54B335621B94EE00097D7DE /* Frameworks */ = {
			isa = PBXFrameworksBuildPhase;
			buildActionMask = 2147483647;
			files = (
			);
			runOnlyForDeploymentPostprocessing = 0;
		};
/* End PBXFrameworksBuildPhase section */

/* Begin PBXGroup section */
		A54B332D21B94EDF0097D7DE = {
			isa = PBXGroup;
			children = (
				A54B333821B94EDF0097D7DE /* LoopBannersDemo */,
				A54B335121B94EE00097D7DE /* LoopBannersDemoTests */,
				A54B335C21B94EE10097D7DE /* LoopBannersDemoUITests */,
				A54B333721B94EDF0097D7DE /* Products */,
			);
			sourceTree = "<group>";
		};
		A54B333721B94EDF0097D7DE /* Products */ = {
			isa = PBXGroup;
			children = (
				A54B333621B94EDF0097D7DE /* LoopBannersDemo.app */,
				A54B334E21B94EE00097D7DE /* LoopBannersDemoTests.xctest */,
				A54B335921B94EE00097D7DE /* LoopBannersDemoUITests.xctest */,
			);
			name = Products;
			sourceTree = "<group>";
		};
		A54B333821B94EDF0097D7DE /* LoopBannersDemo */ = {
			isa = PBXGroup;
			children = (
				A54B333921B94EDF0097D7DE /* AppDelegate.h */,
				A54B333A21B94EDF0097D7DE /* AppDelegate.m */,
				A54B333C21B94EDF0097D7DE /* ViewController.h */,
				A54B333D21B94EDF0097D7DE /* ViewController.m */,
				2CE0B29221BA1806008C0302 /* QMTTLoopBannerView.h */,
				2CE0B29321BA1806008C0302 /* QMTTLoopBannerView.m */,
				A54B333F21B94EDF0097D7DE /* Main.storyboard */,
				A54B334221B94EE00097D7DE /* Assets.xcassets */,
				A54B334421B94EE00097D7DE /* LaunchScreen.storyboard */,
				A54B334721B94EE00097D7DE /* Info.plist */,
				A54B334821B94EE00097D7DE /* main.m */,
			);
			path = LoopBannersDemo;
			sourceTree = "<group>";
		};
		A54B335121B94EE00097D7DE /* LoopBannersDemoTests */ = {
			isa = PBXGroup;
			children = (
				A54B335221B94EE00097D7DE /* LoopBannersDemoTests.m */,
				A54B335421B94EE00097D7DE /* Info.plist */,
			);
			path = LoopBannersDemoTests;
			sourceTree = "<group>";
		};
		A54B335C21B94EE10097D7DE /* LoopBannersDemoUITests */ = {
			isa = PBXGroup;
			children = (
				A54B335D21B94EE10097D7DE /* LoopBannersDemoUITests.m */,
				A54B335F21B94EE10097D7DE /* Info.plist */,
			);
			path = LoopBannersDemoUITests;
			sourceTree = "<group>";
		};
/* End PBXGroup section */

/* Begin PBXNativeTarget section */
		A54B333521B94EDF0097D7DE /* LoopBannersDemo */ = {
			isa = PBXNativeTarget;
			buildConfigurationList = A54B336221B94EE10097D7DE /* Build configuration list for PBXNativeTarget "LoopBannersDemo" */;
			buildPhases = (
				A54B333221B94EDF0097D7DE /* Sources */,
				A54B333321B94EDF0097D7DE /* Frameworks */,
				A54B333421B94EDF0097D7DE /* Resources */,
			);
			buildRules = (
			);
			dependencies = (
			);
			name = LoopBannersDemo;
			productName = LoopBannersDemo;
			productReference = A54B333621B94EDF0097D7DE /* LoopBannersDemo.app */;
			productType = "com.apple.product-type.application";
		};
		A54B334D21B94EE00097D7DE /* LoopBannersDemoTests */ = {
			isa = PBXNativeTarget;
			buildConfigurationList = A54B336521B94EE10097D7DE /* Build configuration list for PBXNativeTarget "LoopBannersDemoTests" */;
			buildPhases = (
				A54B334A21B94EE00097D7DE /* Sources */,
				A54B334B21B94EE00097D7DE /* Frameworks */,
				A54B334C21B94EE00097D7DE /* Resources */,
			);
			buildRules = (
			);
			dependencies = (
				A54B335021B94EE00097D7DE /* PBXTargetDependency */,
			);
			name = LoopBannersDemoTests;
			productName = LoopBannersDemoTests;
			productReference = A54B334E21B94EE00097D7DE /* LoopBannersDemoTests.xctest */;
			productType = "com.apple.product-type.bundle.unit-test";
		};
		A54B335821B94EE00097D7DE /* LoopBannersDemoUITests */ = {
			isa = PBXNativeTarget;
			buildConfigurationList = A54B336821B94EE10097D7DE /* Build configuration list for PBXNativeTarget "LoopBannersDemoUITests" */;
			buildPhases = (
				A54B335521B94EE00097D7DE /* Sources */,
				A54B335621B94EE00097D7DE /* Frameworks */,
				A54B335721B94EE00097D7DE /* Resources */,
			);
			buildRules = (
			);
			dependencies = (
				A54B335B21B94EE00097D7DE /* PBXTargetDependency */,
			);
			name = LoopBannersDemoUITests;
			productName = LoopBannersDemoUITests;
			productReference = A54B335921B94EE00097D7DE /* LoopBannersDemoUITests.xctest */;
			productType = "com.apple.product-type.bundle.ui-testing";
		};
/* End PBXNativeTarget section */

/* Begin PBXProject section */
		A54B332E21B94EDF0097D7DE /* Project object */ = {
			isa = PBXProject;
			attributes = {
				LastUpgradeCheck = 1010;
				ORGANIZATIONNAME = "彭柯柱";
				TargetAttributes = {
					A54B333521B94EDF0097D7DE = {
						CreatedOnToolsVersion = 10.1;
					};
					A54B334D21B94EE00097D7DE = {
						CreatedOnToolsVersion = 10.1;
						TestTargetID = A54B333521B94EDF0097D7DE;
					};
					A54B335821B94EE00097D7DE = {
						CreatedOnToolsVersion = 10.1;
						TestTargetID = A54B333521B94EDF0097D7DE;
					};
				};
			};
			buildConfigurationList = A54B333121B94EDF0097D7DE /* Build configuration list for PBXProject "LoopBannersDemo" */;
			compatibilityVersion = "Xcode 9.3";
			developmentRegion = en;
			hasScannedForEncodings = 0;
			knownRegions = (
				en,
				Base,
			);
			mainGroup = A54B332D21B94EDF0097D7DE;
			productRefGroup = A54B333721B94EDF0097D7DE /* Products */;
			projectDirPath = "";
			projectRoot = "";
			targets = (
				A54B333521B94EDF0097D7DE /* LoopBannersDemo */,
				A54B334D21B94EE00097D7DE /* LoopBannersDemoTests */,
				A54B335821B94EE00097D7DE /* LoopBannersDemoUITests */,
			);
		};
/* End PBXProject section */

/* Begin PBXResourcesBuildPhase section */
		A54B333421B94EDF0097D7DE /* Resources */ = {
			isa = PBXResourcesBuildPhase;
			buildActionMask = 2147483647;
			files = (
				A54B334621B94EE00097D7DE /* LaunchScreen.storyboard in Resources */,
				A54B334321B94EE00097D7DE /* Assets.xcassets in Resources */,
				A54B334121B94EDF0097D7DE /* Main.storyboard in Resources */,
			);
			runOnlyForDeploymentPostprocessing = 0;
		};
		A54B334C21B94EE00097D7DE /* Resources */ = {
			isa = PBXResourcesBuildPhase;
			buildActionMask = 2147483647;
			files = (
			);
			runOnlyForDeploymentPostprocessing = 0;
		};
		A54B335721B94EE00097D7DE /* Resources */ = {
			isa = PBXResourcesBuildPhase;
			buildActionMask = 2147483647;
			files = (
			);
			runOnlyForDeploymentPostprocessing = 0;
		};
/* End PBXResourcesBuildPhase section */

/* Begin PBXSourcesBuildPhase section */
		A54B333221B94EDF0097D7DE /* Sources */ = {
			isa = PBXSourcesBuildPhase;
			buildActionMask = 2147483647;
			files = (
				2CE0B29421BA1806008C0302 /* QMTTLoopBannerView.m in Sources */,
				A54B333E21B94EDF0097D7DE /* ViewController.m in Sources */,
				A54B334921B94EE00097D7DE /* main.m in Sources */,
				A54B333B21B94EDF0097D7DE /* AppDelegate.m in Sources */,
			);
			runOnlyForDeploymentPostprocessing = 0;
		};
		A54B334A21B94EE00097D7DE /* Sources */ = {
			isa = PBXSourcesBuildPhase;
			buildActionMask = 2147483647;
			files = (
				A54B335321B94EE00097D7DE /* LoopBannersDemoTests.m in Sources */,
			);
			runOnlyForDeploymentPostprocessing = 0;
		};
		A54B335521B94EE00097D7DE /* Sources */ = {
			isa = PBXSourcesBuildPhase;
			buildActionMask = 2147483647;
			files = (
				A54B335E21B94EE10097D7DE /* LoopBannersDemoUITests.m in Sources */,
			);
			runOnlyForDeploymentPostprocessing = 0;
		};
/* End PBXSourcesBuildPhase section */

/* Begin PBXTargetDependency section */
		A54B335021B94EE00097D7DE /* PBXTargetDependency */ = {
			isa = PBXTargetDependency;
			target = A54B333521B94EDF0097D7DE /* LoopBannersDemo */;
			targetProxy = A54B334F21B94EE00097D7DE /* PBXContainerItemProxy */;
		};
		A54B335B21B94EE00097D7DE /* PBXTargetDependency */ = {
			isa = PBXTargetDependency;
			target = A54B333521B94EDF0097D7DE /* LoopBannersDemo */;
			targetProxy = A54B335A21B94EE00097D7DE /* PBXContainerItemProxy */;
		};
/* End PBXTargetDependency section */

/* Begin PBXVariantGroup section */
		A54B333F21B94EDF0097D7DE /* Main.storyboard */ = {
			isa = PBXVariantGroup;
			children = (
				A54B334021B94EDF0097D7DE /* Base */,
			);
			name = Main.storyboard;
			sourceTree = "<group>";
		};
		A54B334421B94EE00097D7DE /* LaunchScreen.storyboard */ = {
			isa = PBXVariantGroup;
			children = (
				A54B334521B94EE00097D7DE /* Base */,
			);
			name = LaunchScreen.storyboard;
			sourceTree = "<group>";
		};
/* End PBXVariantGroup section */

/* Begin XCBuildConfiguration section */
		A54B336021B94EE10097D7DE /* Debug */ = {
			isa = XCBuildConfiguration;
			buildSettings = {
				ALWAYS_SEARCH_USER_PATHS = NO;
				CLANG_ANALYZER_NONNULL = YES;
				CLANG_ANALYZER_NUMBER_OBJECT_CONVERSION = YES_AGGRESSIVE;
				CLANG_CXX_LANGUAGE_STANDARD = "gnu++14";
				CLANG_CXX_LIBRARY = "libc++";
				CLANG_ENABLE_MODULES = YES;
				CLANG_ENABLE_OBJC_ARC = YES;
				CLANG_ENABLE_OBJC_WEAK = YES;
				CLANG_WARN_BLOCK_CAPTURE_AUTORELEASING = YES;
				CLANG_WARN_BOOL_CONVERSION = YES;
				CLANG_WARN_COMMA = YES;
				CLANG_WARN_CONSTANT_CONVERSION = YES;
				CLANG_WARN_DEPRECATED_OBJC_IMPLEMENTATIONS = YES;
				CLANG_WARN_DIRECT_OBJC_ISA_USAGE = YES_ERROR;
				CLANG_WARN_DOCUMENTATION_COMMENTS = YES;
				CLANG_WARN_EMPTY_BODY = YES;
				CLANG_WARN_ENUM_CONVERSION = YES;
				CLANG_WARN_INFINITE_RECURSION = YES;
				CLANG_WARN_INT_CONVERSION = YES;
				CLANG_WARN_NON_LITERAL_NULL_CONVERSION = YES;
				CLANG_WARN_OBJC_IMPLICIT_RETAIN_SELF = YES;
				CLANG_WARN_OBJC_LITERAL_CONVERSION = YES;
				CLANG_WARN_OBJC_ROOT_CLASS = YES_ERROR;
				CLANG_WARN_RANGE_LOOP_ANALYSIS = YES;
				CLANG_WARN_STRICT_PROTOTYPES = YES;
				CLANG_WARN_SUSPICIOUS_MOVE = YES;
				CLANG_WARN_UNGUARDED_AVAILABILITY = YES_AGGRESSIVE;
				CLANG_WARN_UNREACHABLE_CODE = YES;
				CLANG_WARN__DUPLICATE_METHOD_MATCH = YES;
				CODE_SIGN_IDENTITY = "iPhone Developer";
				COPY_PHASE_STRIP = NO;
				DEBUG_INFORMATION_FORMAT = dwarf;
				ENABLE_STRICT_OBJC_MSGSEND = YES;
				ENABLE_TESTABILITY = YES;
				GCC_C_LANGUAGE_STANDARD = gnu11;
				GCC_DYNAMIC_NO_PIC = NO;
				GCC_NO_COMMON_BLOCKS = YES;
				GCC_OPTIMIZATION_LEVEL = 0;
				GCC_PREPROCESSOR_DEFINITIONS = (
					"DEBUG=1",
					"$(inherited)",
				);
				GCC_WARN_64_TO_32_BIT_CONVERSION = YES;
				GCC_WARN_ABOUT_RETURN_TYPE = YES_ERROR;
				GCC_WARN_UNDECLARED_SELECTOR = YES;
				GCC_WARN_UNINITIALIZED_AUTOS = YES_AGGRESSIVE;
				GCC_WARN_UNUSED_FUNCTION = YES;
				GCC_WARN_UNUSED_VARIABLE = YES;
				IPHONEOS_DEPLOYMENT_TARGET = 12.1;
				MTL_ENABLE_DEBUG_INFO = INCLUDE_SOURCE;
				MTL_FAST_MATH = YES;
				ONLY_ACTIVE_ARCH = YES;
				SDKROOT = iphoneos;
			};
			name = Debug;
		};
		A54B336121B94EE10097D7DE /* Release */ = {
			isa = XCBuildConfiguration;
			buildSettings = {
				ALWAYS_SEARCH_USER_PATHS = NO;
				CLANG_ANALYZER_NONNULL = YES;
				CLANG_ANALYZER_NUMBER_OBJECT_CONVERSION = YES_AGGRESSIVE;
				CLANG_CXX_LANGUAGE_STANDARD = "gnu++14";
				CLANG_CXX_LIBRARY = "libc++";
				CLANG_ENABLE_MODULES = YES;
				CLANG_ENABLE_OBJC_ARC = YES;
				CLANG_ENABLE_OBJC_WEAK = YES;
				CLANG_WARN_BLOCK_CAPTURE_AUTORELEASING = YES;
				CLANG_WARN_BOOL_CONVERSION = YES;
				CLANG_WARN_COMMA = YES;
				CLANG_WARN_CONSTANT_CONVERSION = YES;
				CLANG_WARN_DEPRECATED_OBJC_IMPLEMENTATIONS = YES;
				CLANG_WARN_DIRECT_OBJC_ISA_USAGE = YES_ERROR;
				CLANG_WARN_DOCUMENTATION_COMMENTS = YES;
				CLANG_WARN_EMPTY_BODY = YES;
				CLANG_WARN_ENUM_CONVERSION = YES;
				CLANG_WARN_INFINITE_RECURSION = YES;
				CLANG_WARN_INT_CONVERSION = YES;
				CLANG_WARN_NON_LITERAL_NULL_CONVERSION = YES;
				CLANG_WARN_OBJC_IMPLICIT_RETAIN_SELF = YES;
				CLANG_WARN_OBJC_LITERAL_CONVERSION = YES;
				CLANG_WARN_OBJC_ROOT_CLASS = YES_ERROR;
				CLANG_WARN_RANGE_LOOP_ANALYSIS = YES;
				CLANG_WARN_STRICT_PROTOTYPES = YES;
				CLANG_WARN_SUSPICIOUS_MOVE = YES;
				CLANG_WARN_UNGUARDED_AVAILABILITY = YES_AGGRESSIVE;
				CLANG_WARN_UNREACHABLE_CODE = YES;
				CLANG_WARN__DUPLICATE_METHOD_MATCH = YES;
				CODE_SIGN_IDENTITY = "iPhone Developer";
				COPY_PHASE_STRIP = NO;
				DEBUG_INFORMATION_FORMAT = "dwarf-with-dsym";
				ENABLE_NS_ASSERTIONS = NO;
				ENABLE_STRICT_OBJC_MSGSEND = YES;
				GCC_C_LANGUAGE_STANDARD = gnu11;
				GCC_NO_COMMON_BLOCKS = YES;
				GCC_WARN_64_TO_32_BIT_CONVERSION = YES;
				GCC_WARN_ABOUT_RETURN_TYPE = YES_ERROR;
				GCC_WARN_UNDECLARED_SELECTOR = YES;
				GCC_WARN_UNINITIALIZED_AUTOS = YES_AGGRESSIVE;
				GCC_WARN_UNUSED_FUNCTION = YES;
				GCC_WARN_UNUSED_VARIABLE = YES;
				IPHONEOS_DEPLOYMENT_TARGET = 12.1;
				MTL_ENABLE_DEBUG_INFO = NO;
				MTL_FAST_MATH = YES;
				SDKROOT = iphoneos;
				VALIDATE_PRODUCT = YES;
			};
			name = Release;
		};
		A54B336321B94EE10097D7DE /* Debug */ = {
			isa = XCBuildConfiguration;
			buildSettings = {
				ASSETCATALOG_COMPILER_APPICON_NAME = AppIcon;
				CODE_SIGN_STYLE = Automatic;
				DEVELOPMENT_TEAM = 4N47R2MCGG;
				INFOPLIST_FILE = LoopBannersDemo/Info.plist;
				LD_RUNPATH_SEARCH_PATHS = (
					"$(inherited)",
					"@executable_path/Frameworks",
				);
				PRODUCT_BUNDLE_IDENTIFIER = kevin.LoopBannersDemo;
				PRODUCT_NAME = "$(TARGET_NAME)";
				TARGETED_DEVICE_FAMILY = "1,2";
			};
			name = Debug;
		};
		A54B336421B94EE10097D7DE /* Release */ = {
			isa = XCBuildConfiguration;
			buildSettings = {
				ASSETCATALOG_COMPILER_APPICON_NAME = AppIcon;
				CODE_SIGN_STYLE = Automatic;
				DEVELOPMENT_TEAM = 4N47R2MCGG;
				INFOPLIST_FILE = LoopBannersDemo/Info.plist;
				LD_RUNPATH_SEARCH_PATHS = (
					"$(inherited)",
					"@executable_path/Frameworks",
				);
				PRODUCT_BUNDLE_IDENTIFIER = kevin.LoopBannersDemo;
				PRODUCT_NAME = "$(TARGET_NAME)";
				TARGETED_DEVICE_FAMILY = "1,2";
			};
			name = Release;
		};
		A54B336621B94EE10097D7DE /* Debug */ = {
			isa = XCBuildConfiguration;
			buildSettings = {
				BUNDLE_LOADER = "$(TEST_HOST)";
				CODE_SIGN_STYLE = Automatic;
				DEVELOPMENT_TEAM = B95F5629Y8;
				INFOPLIST_FILE = LoopBannersDemoTests/Info.plist;
				LD_RUNPATH_SEARCH_PATHS = (
					"$(inherited)",
					"@executable_path/Frameworks",
					"@loader_path/Frameworks",
				);
				PRODUCT_BUNDLE_IDENTIFIER = kevin.LoopBannersDemoTests;
				PRODUCT_NAME = "$(TARGET_NAME)";
				TARGETED_DEVICE_FAMILY = "1,2";
				TEST_HOST = "$(BUILT_PRODUCTS_DIR)/LoopBannersDemo.app/LoopBannersDemo";
			};
			name = Debug;
		};
		A54B336721B94EE10097D7DE /* Release */ = {
			isa = XCBuildConfiguration;
			buildSettings = {
				BUNDLE_LOADER = "$(TEST_HOST)";
				CODE_SIGN_STYLE = Automatic;
				DEVELOPMENT_TEAM = B95F5629Y8;
				INFOPLIST_FILE = LoopBannersDemoTests/Info.plist;
				LD_RUNPATH_SEARCH_PATHS = (
					"$(inherited)",
					"@executable_path/Frameworks",
					"@loader_path/Frameworks",
				);
				PRODUCT_BUNDLE_IDENTIFIER = kevin.LoopBannersDemoTests;
				PRODUCT_NAME = "$(TARGET_NAME)";
				TARGETED_DEVICE_FAMILY = "1,2";
				TEST_HOST = "$(BUILT_PRODUCTS_DIR)/LoopBannersDemo.app/LoopBannersDemo";
			};
			name = Release;
		};
		A54B336921B94EE10097D7DE /* Debug */ = {
			isa = XCBuildConfiguration;
			buildSettings = {
				CODE_SIGN_STYLE = Automatic;
				DEVELOPMENT_TEAM = B95F5629Y8;
				INFOPLIST_FILE = LoopBannersDemoUITests/Info.plist;
				LD_RUNPATH_SEARCH_PATHS = (
					"$(inherited)",
					"@executable_path/Frameworks",
					"@loader_path/Frameworks",
				);
				PRODUCT_BUNDLE_IDENTIFIER = kevin.LoopBannersDemoUITests;
				PRODUCT_NAME = "$(TARGET_NAME)";
				TARGETED_DEVICE_FAMILY = "1,2";
				TEST_TARGET_NAME = LoopBannersDemo;
			};
			name = Debug;
		};
		A54B336A21B94EE10097D7DE /* Release */ = {
			isa = XCBuildConfiguration;
			buildSettings = {
				CODE_SIGN_STYLE = Automatic;
				DEVELOPMENT_TEAM = B95F5629Y8;
				INFOPLIST_FILE = LoopBannersDemoUITests/Info.plist;
				LD_RUNPATH_SEARCH_PATHS = (
					"$(inherited)",
					"@executable_path/Frameworks",
					"@loader_path/Frameworks",
				);
				PRODUCT_BUNDLE_IDENTIFIER = kevin.LoopBannersDemoUITests;
				PRODUCT_NAME = "$(TARGET_NAME)";
				TARGETED_DEVICE_FAMILY = "1,2";
				TEST_TARGET_NAME = LoopBannersDemo;
			};
			name = Release;
		};
/* End XCBuildConfiguration section */

/* Begin XCConfigurationList section */
		A54B333121B94EDF0097D7DE /* Build configuration list for PBXProject "LoopBannersDemo" */ = {
			isa = XCConfigurationList;
			buildConfigurations = (
				A54B336021B94EE10097D7DE /* Debug */,
				A54B336121B94EE10097D7DE /* Release */,
			);
			defaultConfigurationIsVisible = 0;
			defaultConfigurationName = Release;
		};
		A54B336221B94EE10097D7DE /* Build configuration list for PBXNativeTarget "LoopBannersDemo" */ = {
			isa = XCConfigurationList;
			buildConfigurations = (
				A54B336321B94EE10097D7DE /* Debug */,
				A54B336421B94EE10097D7DE /* Release */,
			);
			defaultConfigurationIsVisible = 0;
			defaultConfigurationName = Release;
		};
		A54B336521B94EE10097D7DE /* Build configuration list for PBXNativeTarget "LoopBannersDemoTests" */ = {
			isa = XCConfigurationList;
			buildConfigurations = (
				A54B336621B94EE10097D7DE /* Debug */,
				A54B336721B94EE10097D7DE /* Release */,
			);
			defaultConfigurationIsVisible = 0;
			defaultConfigurationName = Release;
		};
		A54B336821B94EE10097D7DE /* Build configuration list for PBXNativeTarget "LoopBannersDemoUITests" */ = {
			isa = XCConfigurationList;
			buildConfigurations = (
				A54B336921B94EE10097D7DE /* Debug */,
				A54B336A21B94EE10097D7DE /* Release */,
			);
			defaultConfigurationIsVisible = 0;
			defaultConfigurationName = Release;
		};
/* End XCConfigurationList section */
	};
	rootObject = A54B332E21B94EDF0097D7DE /* Project object */;
}
